
Microsoft Visual Studio Solution File, Format Version 12.00
# Visual Studio Version 17
VisualStudioVersion = 17.10.35013.160
MinimumVisualStudioVersion = 10.0.40219.1
Project("{FAE04EC0-301F-11D3-BF4B-00C04F79EFBC}") = "Assignment_1", "Assignment_1\Assignment_1.csproj", "{488B3C48-D643-40BD-9210-7F1680C8369D}"
EndProject
Global
	GlobalSection(SolutionConfigurationPlatforms) = preSolution
		Debug|Any CPU = Debug|Any CPU
		Release|Any CPU = Release|Any CPU
	EndGlobalSection
	GlobalSection(ProjectConfigurationPlatforms) = postSolution
		{488B3C48-D643-40BD-9210-7F1680C8369D}.Debug|Any CPU.ActiveCfg = Debug|Any CPU
		{488B3C48-D643-40BD-9210-7F1680C8369D}.Debug|Any CPU.Build.0 = Debug|Any CPU
		{488B3C48-D643-40BD-9210-7F1680C8369D}.Release|Any CPU.ActiveCfg = Release|Any CPU
		{488B3C48-D643-40BD-9210-7F1680C8369D}.Release|Any CPU.Build.0 = Release|Any CPU
	EndGlobalSection
	GlobalSection(SolutionProperties) = preSolution
		HideSolutionNode = FALSE
	EndGlobalSection
	GlobalSection(ExtensibilityGlobals) = postSolution
		SolutionGuid = {F7F5C90D-ADF0-44D3-B6DD-02D0A6F86198}
	EndGlobalSection
EndGlobal
